PODS:
  - CocoaAsyncSocket (7.6.4)
  - MBProgressHUD (0.9.2)
  - MQTTClient (0.15.2):
    - MQTTClient/Core (= 0.15.2)
  - MQTTClient/Core (0.15.2):
    - MQTTClient/Manager
    - MQTTClient/Min
  - MQTTClient/Manager (0.15.2):
    - MQTTClient/Min
  - MQTTClient/Min (0.15.2)
  - SDWebImage/Core (4.4.8)
  - TuyaSmartBaseKit (3.14.5):
    - TuyaSmartUtil
    - YYModel
  - TuyaSmartDeviceKit (3.14.1):
    - TuyaSmartBaseKit
    - TuyaSmartMQTTChannelKit
    - TuyaSmartSocketChannelKit
  - TuyaSmartMQTTChannelKit (3.14.0):
    - MQTTClient (= 0.15.2)
    - TuyaSmartBaseKit
  - TuyaSmartSocketChannelKit (3.14.0):
    - CocoaAsyncSocket
    - TuyaSmartBaseKit
  - TuyaSmartSweeperKit (1.0.7):
    - TuyaSmartDeviceKit
  - TuyaSmartUtil (3.14.8)
  - YYModel (1.0.4)

DEPENDENCIES:
  - MBProgressHUD (~> 0.9.2)
  - SDWebImage/Core (~> 4.4.3)
  - TuyaSmartSweeperKit (from `../`)

SPEC REPOS:
  trunk:
    - CocoaAsyncSocket
    - MBProgressHUD
    - MQTTClient
    - SDWebImage
    - TuyaSmartBaseKit
    - TuyaSmartDeviceKit
    - TuyaSmartMQTTChannelKit
    - TuyaSmartSocketChannelKit
    - TuyaSmartUtil
    - YYModel

EXTERNAL SOURCES:
  TuyaSmartSweeperKit:
    :path: "../"

SPEC CHECKSUMS:
  CocoaAsyncSocket: 694058e7c0ed05a9e217d1b3c7ded962f4180845
  MBProgressHUD: 1569cf7ace17a8bac47aabfbb8580a49690386d1
  MQTTClient: 902c7bcac1501595f3d0b15178c7205b40331fb0
  SDWebImage: 783af2c3fa36291a250030c4752ee370a9a51d13
  TuyaSmartBaseKit: 9fe55a3c611a6c69b69da4e31136ed361d003a04
  TuyaSmartDeviceKit: afd76bf477e6a88cbe9eb18270c61fb94fd50264
  TuyaSmartMQTTChannelKit: d78d301516294239a3db96bc7b81b1e667d4a40d
  TuyaSmartSocketChannelKit: 286654a004f3b6f81b6c2277cab2cfac72a21156
  TuyaSmartSweeperKit: 7fae187a32b2fb9bd40470ec228e3b9e7145e765
  TuyaSmartUtil: a4370126ae4f182f6d3a63d8a35bb71938b2a91b
  YYModel: 2a7fdd96aaa4b86a824e26d0c517de8928c04b30

PODFILE CHECKSUM: f6b8ed4560cd453d02b212f2705ada05091ebb53

COCOAPODS: 1.8.4
