PODS:
  - CocoaAsyncSocket (7.6.4)
  - MBProgressHUD (0.9.2)
  - MQTTClient (0.15.2):
    - MQTTClient/Core (= 0.15.2)
  - MQTTClient/Core (0.15.2):
    - MQTTClient/Manager
    - MQTTClient/Min
  - MQTTClient/Manager (0.15.2):
    - MQTTClient/Min
  - MQTTClient/Min (0.15.2)
  - SDWebImage/Core (4.4.8)
  - TuyaSmartBaseKit (3.15.0):
    - TuyaSmartUtil
    - YYModel
  - TuyaSmartDeviceKit (3.15.0):
    - TuyaSmartBaseKit
    - TuyaSmartMQTTChannelKit
    - TuyaSmartSocketChannelKit
  - TuyaSmartMQTTChannelKit (3.15.0):
    - MQTTClient (= 0.15.2)
    - TuyaSmartBaseKit
  - TuyaSmartSocketChannelKit (3.15.1):
    - CocoaAsyncSocket
    - TuyaSmartBaseKit
  - TuyaSmartSweeperKit (1.2.4):
    - TuyaSmartDeviceKit
  - TuyaSmartUtil (3.15.0)
  - YYModel (1.0.4)

DEPENDENCIES:
  - MBProgressHUD (~> 0.9.2)
  - SDWebImage/Core (~> 4.4.3)
  - TuyaSmartSweeperKit (= 1.2.4)

SPEC REPOS:
  trunk:
    - CocoaAsyncSocket
    - MBProgressHUD
    - MQTTClient
    - SDWebImage
    - TuyaSmartBaseKit
    - TuyaSmartDeviceKit
    - TuyaSmartMQTTChannelKit
    - TuyaSmartSocketChannelKit
    - TuyaSmartSweeperKit
    - TuyaSmartUtil
    - YYModel

SPEC CHECKSUMS:
  CocoaAsyncSocket: 694058e7c0ed05a9e217d1b3c7ded962f4180845
  MBProgressHUD: 1569cf7ace17a8bac47aabfbb8580a49690386d1
  MQTTClient: 902c7bcac1501595f3d0b15178c7205b40331fb0
  SDWebImage: 783af2c3fa36291a250030c4752ee370a9a51d13
  TuyaSmartBaseKit: 092976a46a86697a24265e520324606e3d8d7139
  TuyaSmartDeviceKit: 8a10dccbd8ba9b91d5723e493863ca2bb3a50e23
  TuyaSmartMQTTChannelKit: 59926addc1c210e6dac40d79cbc829726c5bde60
  TuyaSmartSocketChannelKit: 50082d7fb42d357e47a4a46ce36ebd8b7660ecf2
  TuyaSmartSweeperKit: 291e59bf7a1ed7930c787293c810277d154f1733
  TuyaSmartUtil: fede5b89a5e0cb62806f752b4337eed3daac45d1
  YYModel: 2a7fdd96aaa4b86a824e26d0c517de8928c04b30

PODFILE CHECKSUM: 532e5eccf146c27c3dfcfc8ba314d7c230117eeb

COCOAPODS: 1.9.1
